// !$*UTF8*$!
{
	archiveVersion = 1;
	classes = {
	};
	objectVersion = 50;
	objects = {

/* Begin PBXBuildFile section */
		D85789A52659A88F00A251EC /* env1App.swift in Sources */ = {isa = PBXBuildFile; fileRef = D85789A42659A88F00A251EC /* env1App.swift */; };
		D85789A72659A88F00A251EC /* ContentView.swift in Sources */ = {isa = PBXBuildFile; fileRef = D85789A62659A88F00A251EC /* ContentView.swift */; };
		D85789A92659A89D00A251EC /* Assets.xcassets in Resources */ = {isa = PBXBuildFile; fileRef = D85789A82659A89D00A251EC /* Assets.xcassets */; };
		D85789AC2659A89D00A251EC /* Preview Assets.xcassets in Resources */ = {isa = PBXBuildFile; fileRef = D85789AB2659A89D00A251EC /* Preview Assets.xcassets */; };
		D85789B72659A89D00A251EC /* env1Tests.swift in Sources */ = {isa = PBXBuildFile; fileRef = D85789B62659A89D00A251EC /* env1Tests.swift */; };
		D85789C22659A89D00A251EC /* env1UITests.swift in Sources */ = {isa = PBXBuildFile; fileRef = D85789C12659A89D00A251EC /* env1UITests.swift */; };
/* End PBXBuildFile section */

/* Begin PBXContainerItemProxy section */
		D85789B32659A89D00A251EC /* PBXContainerItemProxy */ = {
			isa = PBXContainerItemProxy;
			containerPortal = D85789992659A88F00A251EC /* Project object */;
			proxyType = 1;
			remoteGlobalIDString = D85789A02659A88F00A251EC;
			remoteInfo = env1;
		};
		D85789BE2659A89D00A251EC /* PBXContainerItemProxy */ = {
			isa = PBXContainerItemProxy;
			containerPortal = D85789992659A88F00A251EC /* Project object */;
			proxyType = 1;
			remoteGlobalIDString = D85789A02659A88F00A251EC;
			remoteInfo = env1;
		};
/* End PBXContainerItemProxy section */

/* Begin PBXFileReference section */
		D85789A12659A88F00A251EC /* env1.app */ = {isa = PBXFileReference; explicitFileType = wrapper.application; includeInIndex = 0; path = env1.app; sourceTree = BUILT_PRODUCTS_DIR; };
		D85789A42659A88F00A251EC /* env1App.swift */ = {isa = PBXFileReference; lastKnownFileType = sourcecode.swift; path = env1App.swift; sourceTree = "<group>"; };
		D85789A62659A88F00A251EC /* ContentView.swift */ = {isa = PBXFileReference; lastKnownFileType = sourcecode.swift; path = ContentView.swift; sourceTree = "<group>"; };
		D85789A82659A89D00A251EC /* Assets.xcassets */ = {isa = PBXFileReference; lastKnownFileType = folder.assetcatalog; path = Assets.xcassets; sourceTree = "<group>"; };
		D85789AB2659A89D00A251EC /* Preview Assets.xcassets */ = {isa = PBXFileReference; lastKnownFileType = folder.assetcatalog; path = "Preview Assets.xcassets"; sourceTree = "<group>"; };
		D85789AD2659A89D00A251EC /* Info.plist */ = {isa = PBXFileReference; lastKnownFileType = text.plist.xml; path = Info.plist; sourceTree = "<group>"; };
		D85789B22659A89D00A251EC /* env1Tests.xctest */ = {isa = PBXFileReference; explicitFileType = wrapper.cfbundle; includeInIndex = 0; path = env1Tests.xctest; sourceTree = BUILT_PRODUCTS_DIR; };
		D85789B62659A89D00A251EC /* env1Tests.swift */ = {isa = PBXFileReference; lastKnownFileType = sourcecode.swift; path = env1Tests.swift; sourceTree = "<group>"; };
		D85789B82659A89D00A251EC /* Info.plist */ = {isa = PBXFileReference; lastKnownFileType = text.plist.xml; path = Info.plist; sourceTree = "<group>"; };
		D85789BD2659A89D00A251EC /* env1UITests.xctest */ = {isa = PBXFileReference; explicitFileType = wrapper.cfbundle; includeInIndex = 0; path = env1UITests.xctest; sourceTree = BUILT_PRODUCTS_DIR; };
		D85789C12659A89D00A251EC /* env1UITests.swift */ = {isa = PBXFileReference; lastKnownFileType = sourcecode.swift; path = env1UITests.swift; sourceTree = "<group>"; };
		D85789C32659A89D00A251EC /* Info.plist */ = {isa = PBXFileReference; lastKnownFileType = text.plist.xml; path = Info.plist; sourceTree = "<group>"; };
/* End PBXFileReference section */

/* Begin PBXFrameworksBuildPhase section */
		D857899E2659A88F00A251EC /* Frameworks */ = {
			isa = PBXFrameworksBuildPhase;
			buildActionMask = 2147483647;
			files = (
			);
			runOnlyForDeploymentPostprocessing = 0;
		};
		D85789AF2659A89D00A251EC /* Frameworks */ = {
			isa = PBXFrameworksBuildPhase;
			buildActionMask = 2147483647;
			files = (
			);
			runOnlyForDeploymentPostprocessing = 0;
		};
		D85789BA2659A89D00A251EC /* Frameworks */ = {
			isa = PBXFrameworksBuildPhase;
			buildActionMask = 2147483647;
			files = (
			);
			runOnlyForDeploymentPostprocessing = 0;
		};
/* End PBXFrameworksBuildPhase section */

/* Begin PBXGroup section */
		D85789982659A88F00A251EC = {
			isa = PBXGroup;
			children = (
				D85789A32659A88F00A251EC /* env1 */,
				D85789B52659A89D00A251EC /* env1Tests */,
				D85789C02659A89D00A251EC /* env1UITests */,
				D85789A22659A88F00A251EC /* Products */,
			);
			sourceTree = "<group>";
		};
		D85789A22659A88F00A251EC /* Products */ = {
			isa = PBXGroup;
			children = (
				D85789A12659A88F00A251EC /* env1.app */,
				D85789B22659A89D00A251EC /* env1Tests.xctest */,
				D85789BD2659A89D00A251EC /* env1UITests.xctest */,
			);
			name = Products;
			sourceTree = "<group>";
		};
		D85789A32659A88F00A251EC /* env1 */ = {
			isa = PBXGroup;
			children = (
				D85789A42659A88F00A251EC /* env1App.swift */,
				D85789A62659A88F00A251EC /* ContentView.swift */,
				D85789A82659A89D00A251EC /* Assets.xcassets */,
				D85789AD2659A89D00A251EC /* Info.plist */,
				D85789AA2659A89D00A251EC /* Preview Content */,
			);
			path = env1;
			sourceTree = "<group>";
		};
		D85789AA2659A89D00A251EC /* Preview Content */ = {
			isa = PBXGroup;
			children = (
				D85789AB2659A89D00A251EC /* Preview Assets.xcassets */,
			);
			path = "Preview Content";
			sourceTree = "<group>";
		};
		D85789B52659A89D00A251EC /* env1Tests */ = {
			isa = PBXGroup;
			children = (
				D85789B62659A89D00A251EC /* env1Tests.swift */,
				D85789B82659A89D00A251EC /* Info.plist */,
			);
			path = env1Tests;
			sourceTree = "<group>";
		};
		D85789C02659A89D00A251EC /* env1UITests */ = {
			isa = PBXGroup;
			children = (
				D85789C12659A89D00A251EC /* env1UITests.swift */,
				D85789C32659A89D00A251EC /* Info.plist */,
			);
			path = env1UITests;
			sourceTree = "<group>";
		};
/* End PBXGroup section */

/* Begin PBXNativeTarget section */
		D85789A02659A88F00A251EC /* env1 */ = {
			isa = PBXNativeTarget;
			buildConfigurationList = D85789C62659A89D00A251EC /* Build configuration list for PBXNativeTarget "env1" */;
			buildPhases = (
				D857899D2659A88F00A251EC /* Sources */,
				D857899E2659A88F00A251EC /* Frameworks */,
				D857899F2659A88F00A251EC /* Resources */,
			);
			buildRules = (
			);
			dependencies = (
			);
			name = env1;
			productName = env1;
			productReference = D85789A12659A88F00A251EC /* env1.app */;
			productType = "com.apple.product-type.application";
		};
		D85789B12659A89D00A251EC /* env1Tests */ = {
			isa = PBXNativeTarget;
			buildConfigurationList = D85789C92659A89D00A251EC /* Build configuration list for PBXNativeTarget "env1Tests" */;
			buildPhases = (
				D85789AE2659A89D00A251EC /* Sources */,
				D85789AF2659A89D00A251EC /* Frameworks */,
				D85789B02659A89D00A251EC /* Resources */,
			);
			buildRules = (
			);
			dependencies = (
				D85789B42659A89D00A251EC /* PBXTargetDependency */,
			);
			name = env1Tests;
			productName = env1Tests;
			productReference = D85789B22659A89D00A251EC /* env1Tests.xctest */;
			productType = "com.apple.product-type.bundle.unit-test";
		};
		D85789BC2659A89D00A251EC /* env1UITests */ = {
			isa = PBXNativeTarget;
			buildConfigurationList = D85789CC2659A89D00A251EC /* Build configuration list for PBXNativeTarget "env1UITests" */;
			buildPhases = (
				D85789B92659A89D00A251EC /* Sources */,
				D85789BA2659A89D00A251EC /* Frameworks */,
				D85789BB2659A89D00A251EC /* Resources */,
			);
			buildRules = (
			);
			dependencies = (
				D85789BF2659A89D00A251EC /* PBXTargetDependency */,
			);
			name = env1UITests;
			productName = env1UITests;
			productReference = D85789BD2659A89D00A251EC /* env1UITests.xctest */;
			productType = "com.apple.product-type.bundle.ui-testing";
		};
/* End PBXNativeTarget section */

/* Begin PBXProject section */
		D85789992659A88F00A251EC /* Project object */ = {
			isa = PBXProject;
			attributes = {
				LastSwiftUpdateCheck = 1240;
				LastUpgradeCheck = 1240;
				TargetAttributes = {
					D85789A02659A88F00A251EC = {
						CreatedOnToolsVersion = 12.4;
					};
					D85789B12659A89D00A251EC = {
						CreatedOnToolsVersion = 12.4;
						TestTargetID = D85789A02659A88F00A251EC;
					};
					D85789BC2659A89D00A251EC = {
						CreatedOnToolsVersion = 12.4;
						TestTargetID = D85789A02659A88F00A251EC;
					};
				};
			};
			buildConfigurationList = D857899C2659A88F00A251EC /* Build configuration list for PBXProject "env1" */;
			compatibilityVersion = "Xcode 9.3";
			developmentRegion = en;
			hasScannedForEncodings = 0;
			knownRegions = (
				en,
				Base,
			);
			mainGroup = D85789982659A88F00A251EC;
			productRefGroup = D85789A22659A88F00A251EC /* Products */;
			projectDirPath = "";
			projectRoot = "";
			targets = (
				D85789A02659A88F00A251EC /* env1 */,
				D85789B12659A89D00A251EC /* env1Tests */,
				D85789BC2659A89D00A251EC /* env1UITests */,
			);
		};
/* End PBXProject section */

/* Begin PBXResourcesBuildPhase section */
		D857899F2659A88F00A251EC /* Resources */ = {
			isa = PBXResourcesBuildPhase;
			buildActionMask = 2147483647;
			files = (
				D85789AC2659A89D00A251EC /* Preview Assets.xcassets in Resources */,
				D85789A92659A89D00A251EC /* Assets.xcassets in Resources */,
			);
			runOnlyForDeploymentPostprocessing = 0;
		};
		D85789B02659A89D00A251EC /* Resources */ = {
			isa = PBXResourcesBuildPhase;
			buildActionMask = 2147483647;
			files = (
			);
			runOnlyForDeploymentPostprocessing = 0;
		};
		D85789BB2659A89D00A251EC /* Resources */ = {
			isa = PBXResourcesBuildPhase;
			buildActionMask = 2147483647;
			files = (
			);
			runOnlyForDeploymentPostprocessing = 0;
		};
/* End PBXResourcesBuildPhase section */

/* Begin PBXSourcesBuildPhase section */
		D857899D2659A88F00A251EC /* Sources */ = {
			isa = PBXSourcesBuildPhase;
			buildActionMask = 2147483647;
			files = (
				D85789A72659A88F00A251EC /* ContentView.swift in Sources */,
				D85789A52659A88F00A251EC /* env1App.swift in Sources */,
			);
			runOnlyForDeploymentPostprocessing = 0;
		};
		D85789AE2659A89D00A251EC /* Sources */ = {
			isa = PBXSourcesBuildPhase;
			buildActionMask = 2147483647;
			files = (
				D85789B72659A89D00A251EC /* env1Tests.swift in Sources */,
			);
			runOnlyForDeploymentPostprocessing = 0;
		};
		D85789B92659A89D00A251EC /* Sources */ = {
			isa = PBXSourcesBuildPhase;
			buildActionMask = 2147483647;
			files = (
				D85789C22659A89D00A251EC /* env1UITests.swift in Sources */,
			);
			runOnlyForDeploymentPostprocessing = 0;
		};
/* End PBXSourcesBuildPhase section */

/* Begin PBXTargetDependency section */
		D85789B42659A89D00A251EC /* PBXTargetDependency */ = {
			isa = PBXTargetDependency;
			target = D85789A02659A88F00A251EC /* env1 */;
			targetProxy = D85789B32659A89D00A251EC /* PBXContainerItemProxy */;
		};
		D85789BF2659A89D00A251EC /* PBXTargetDependency */ = {
			isa = PBXTargetDependency;
			target = D85789A02659A88F00A251EC /* env1 */;
			targetProxy = D85789BE2659A89D00A251EC /* PBXContainerItemProxy */;
		};
/* End PBXTargetDependency section */

/* Begin XCBuildConfiguration section */
		D85789C42659A89D00A251EC /* Debug */ = {
			isa = XCBuildConfiguration;
			buildSettings = {
				ALWAYS_SEARCH_USER_PATHS = NO;
				CLANG_ANALYZER_NONNULL = YES;
				CLANG_ANALYZER_NUMBER_OBJECT_CONVERSION = YES_AGGRESSIVE;
				CLANG_CXX_LANGUAGE_STANDARD = "gnu++14";
				CLANG_CXX_LIBRARY = "libc++";
				CLANG_ENABLE_MODULES = YES;
				CLANG_ENABLE_OBJC_ARC = YES;
				CLANG_ENABLE_OBJC_WEAK = YES;
				CLANG_WARN_BLOCK_CAPTURE_AUTORELEASING = YES;
				CLANG_WARN_BOOL_CONVERSION = YES;
				CLANG_WARN_COMMA = YES;
				CLANG_WARN_CONSTANT_CONVERSION = YES;
				CLANG_WARN_DEPRECATED_OBJC_IMPLEMENTATIONS = YES;
				CLANG_WARN_DIRECT_OBJC_ISA_USAGE = YES_ERROR;
				CLANG_WARN_DOCUMENTATION_COMMENTS = YES;
				CLANG_WARN_EMPTY_BODY = YES;
				CLANG_WARN_ENUM_CONVERSION = YES;
				CLANG_WARN_INFINITE_RECURSION = YES;
				CLANG_WARN_INT_CONVERSION = YES;
				CLANG_WARN_NON_LITERAL_NULL_CONVERSION = YES;
				CLANG_WARN_OBJC_IMPLICIT_RETAIN_SELF = YES;
				CLANG_WARN_OBJC_LITERAL_CONVERSION = YES;
				CLANG_WARN_OBJC_ROOT_CLASS = YES_ERROR;
				CLANG_WARN_QUOTED_INCLUDE_IN_FRAMEWORK_HEADER = YES;
				CLANG_WARN_RANGE_LOOP_ANALYSIS = YES;
				CLANG_WARN_STRICT_PROTOTYPES = YES;
				CLANG_WARN_SUSPICIOUS_MOVE = YES;
				CLANG_WARN_UNGUARDED_AVAILABILITY = YES_AGGRESSIVE;
				CLANG_WARN_UNREACHABLE_CODE = YES;
				CLANG_WARN__DUPLICATE_METHOD_MATCH = YES;
				COPY_PHASE_STRIP = NO;
				DEBUG_INFORMATION_FORMAT = dwarf;
				ENABLE_STRICT_OBJC_MSGSEND = YES;
				ENABLE_TESTABILITY = YES;
				GCC_C_LANGUAGE_STANDARD = gnu11;
				GCC_DYNAMIC_NO_PIC = NO;
				GCC_NO_COMMON_BLOCKS = YES;
				GCC_OPTIMIZATION_LEVEL = 0;
				GCC_PREPROCESSOR_DEFINITIONS = (
					"DEBUG=1",
					"$(inherited)",
				);
				GCC_WARN_64_TO_32_BIT_CONVERSION = YES;
				GCC_WARN_ABOUT_RETURN_TYPE = YES_ERROR;
				GCC_WARN_UNDECLARED_SELECTOR = YES;
				GCC_WARN_UNINITIALIZED_AUTOS = YES_AGGRESSIVE;
				GCC_WARN_UNUSED_FUNCTION = YES;
				GCC_WARN_UNUSED_VARIABLE = YES;
				IPHONEOS_DEPLOYMENT_TARGET = 14.4;
				MTL_ENABLE_DEBUG_INFO = INCLUDE_SOURCE;
				MTL_FAST_MATH = YES;
				ONLY_ACTIVE_ARCH = YES;
				SDKROOT = iphoneos;
				SWIFT_ACTIVE_COMPILATION_CONDITIONS = DEBUG;
				SWIFT_OPTIMIZATION_LEVEL = "-Onone";
			};
			name = Debug;
		};
		D85789C52659A89D00A251EC /* Release */ = {
			isa = XCBuildConfiguration;
			buildSettings = {
				ALWAYS_SEARCH_USER_PATHS = NO;
				CLANG_ANALYZER_NONNULL = YES;
				CLANG_ANALYZER_NUMBER_OBJECT_CONVERSION = YES_AGGRESSIVE;
				CLANG_CXX_LANGUAGE_STANDARD = "gnu++14";
				CLANG_CXX_LIBRARY = "libc++";
				CLANG_ENABLE_MODULES = YES;
				CLANG_ENABLE_OBJC_ARC = YES;
				CLANG_ENABLE_OBJC_WEAK = YES;
				CLANG_WARN_BLOCK_CAPTURE_AUTORELEASING = YES;
				CLANG_WARN_BOOL_CONVERSION = YES;
				CLANG_WARN_COMMA = YES;
				CLANG_WARN_CONSTANT_CONVERSION = YES;
				CLANG_WARN_DEPRECATED_OBJC_IMPLEMENTATIONS = YES;
				CLANG_WARN_DIRECT_OBJC_ISA_USAGE = YES_ERROR;
				CLANG_WARN_DOCUMENTATION_COMMENTS = YES;
				CLANG_WARN_EMPTY_BODY = YES;
				CLANG_WARN_ENUM_CONVERSION = YES;
				CLANG_WARN_INFINITE_RECURSION = YES;
				CLANG_WARN_INT_CONVERSION = YES;
				CLANG_WARN_NON_LITERAL_NULL_CONVERSION = YES;
				CLANG_WARN_OBJC_IMPLICIT_RETAIN_SELF = YES;
				CLANG_WARN_OBJC_LITERAL_CONVERSION = YES;
				CLANG_WARN_OBJC_ROOT_CLASS = YES_ERROR;
				CLANG_WARN_QUOTED_INCLUDE_IN_FRAMEWORK_HEADER = YES;
				CLANG_WARN_RANGE_LOOP_ANALYSIS = YES;
				CLANG_WARN_STRICT_PROTOTYPES = YES;
				CLANG_WARN_SUSPICIOUS_MOVE = YES;
				CLANG_WARN_UNGUARDED_AVAILABILITY = YES_AGGRESSIVE;
				CLANG_WARN_UNREACHABLE_CODE = YES;
				CLANG_WARN__DUPLICATE_METHOD_MATCH = YES;
				COPY_PHASE_STRIP = NO;
				DEBUG_INFORMATION_FORMAT = "dwarf-with-dsym";
				ENABLE_NS_ASSERTIONS = NO;
				ENABLE_STRICT_OBJC_MSGSEND = YES;
				GCC_C_LANGUAGE_STANDARD = gnu11;
				GCC_NO_COMMON_BLOCKS = YES;
				GCC_WARN_64_TO_32_BIT_CONVERSION = YES;
				GCC_WARN_ABOUT_RETURN_TYPE = YES_ERROR;
				GCC_WARN_UNDECLARED_SELECTOR = YES;
				GCC_WARN_UNINITIALIZED_AUTOS = YES_AGGRESSIVE;
				GCC_WARN_UNUSED_FUNCTION = YES;
				GCC_WARN_UNUSED_VARIABLE = YES;
				IPHONEOS_DEPLOYMENT_TARGET = 14.4;
				MTL_ENABLE_DEBUG_INFO = NO;
				MTL_FAST_MATH = YES;
				SDKROOT = iphoneos;
				SWIFT_COMPILATION_MODE = wholemodule;
				SWIFT_OPTIMIZATION_LEVEL = "-O";
				VALIDATE_PRODUCT = YES;
			};
			name = Release;
		};
		D85789C72659A89D00A251EC /* Debug */ = {
			isa = XCBuildConfiguration;
			buildSettings = {
				ASSETCATALOG_COMPILER_APPICON_NAME = AppIcon;
				ASSETCATALOG_COMPILER_GLOBAL_ACCENT_COLOR_NAME = AccentColor;
				CODE_SIGN_STYLE = Automatic;
				DEVELOPMENT_ASSET_PATHS = "\"env1/Preview Content\"";
				DEVELOPMENT_TEAM = YM4S6FGNVS;
				ENABLE_PREVIEWS = YES;
				INFOPLIST_FILE = env1/Info.plist;
				IPHONEOS_DEPLOYMENT_TARGET = 14.0;
				LD_RUNPATH_SEARCH_PATHS = (
					"$(inherited)",
					"@executable_path/Frameworks",
				);
				PRODUCT_BUNDLE_IDENTIFIER = com.kwevans.env1;
				PRODUCT_NAME = "$(TARGET_NAME)";
				SWIFT_VERSION = 5.0;
				TARGETED_DEVICE_FAMILY = "1,2";
			};
			name = Debug;
		};
		D85789C82659A89D00A251EC /* Release */ = {
			isa = XCBuildConfiguration;
			buildSettings = {
				ASSETCATALOG_COMPILER_APPICON_NAME = AppIcon;
				ASSETCATALOG_COMPILER_GLOBAL_ACCENT_COLOR_NAME = AccentColor;
				CODE_SIGN_STYLE = Automatic;
				DEVELOPMENT_ASSET_PATHS = "\"env1/Preview Content\"";
				DEVELOPMENT_TEAM = YM4S6FGNVS;
				ENABLE_PREVIEWS = YES;
				INFOPLIST_FILE = env1/Info.plist;
				IPHONEOS_DEPLOYMENT_TARGET = 14.0;
				LD_RUNPATH_SEARCH_PATHS = (
					"$(inherited)",
					"@executable_path/Frameworks",
				);
				PRODUCT_BUNDLE_IDENTIFIER = com.kwevans.env1;
				PRODUCT_NAME = "$(TARGET_NAME)";
				SWIFT_VERSION = 5.0;
				TARGETED_DEVICE_FAMILY = "1,2";
			};
			name = Release;
		};
		D85789CA2659A89D00A251EC /* Debug */ = {
			isa = XCBuildConfiguration;
			buildSettings = {
				ALWAYS_EMBED_SWIFT_STANDARD_LIBRARIES = YES;
				BUNDLE_LOADER = "$(TEST_HOST)";
				CODE_SIGN_STYLE = Automatic;
				DEVELOPMENT_TEAM = YM4S6FGNVS;
				INFOPLIST_FILE = env1Tests/Info.plist;
				IPHONEOS_DEPLOYMENT_TARGET = 14.0;
				LD_RUNPATH_SEARCH_PATHS = (
					"$(inherited)",
					"@executable_path/Frameworks",
					"@loader_path/Frameworks",
				);
				PRODUCT_BUNDLE_IDENTIFIER = com.kwevans.env1Tests;
				PRODUCT_NAME = "$(TARGET_NAME)";
				SWIFT_VERSION = 5.0;
				TARGETED_DEVICE_FAMILY = "1,2";
				TEST_HOST = "$(BUILT_PRODUCTS_DIR)/env1.app/env1";
			};
			name = Debug;
		};
		D85789CB2659A89D00A251EC /* Release */ = {
			isa = XCBuildConfiguration;
			buildSettings = {
				ALWAYS_EMBED_SWIFT_STANDARD_LIBRARIES = YES;
				BUNDLE_LOADER = "$(TEST_HOST)";
				CODE_SIGN_STYLE = Automatic;
				DEVELOPMENT_TEAM = YM4S6FGNVS;
				INFOPLIST_FILE = env1Tests/Info.plist;
				IPHONEOS_DEPLOYMENT_TARGET = 14.0;
				LD_RUNPATH_SEARCH_PATHS = (
					"$(inherited)",
					"@executable_path/Frameworks",
					"@loader_path/Frameworks",
				);
				PRODUCT_BUNDLE_IDENTIFIER = com.kwevans.env1Tests;
				PRODUCT_NAME = "$(TARGET_NAME)";
				SWIFT_VERSION = 5.0;
				TARGETED_DEVICE_FAMILY = "1,2";
				TEST_HOST = "$(BUILT_PRODUCTS_DIR)/env1.app/env1";
			};
			name = Release;
		};
		D85789CD2659A89D00A251EC /* Debug */ = {
			isa = XCBuildConfiguration;
			buildSettings = {
				ALWAYS_EMBED_SWIFT_STANDARD_LIBRARIES = YES;
				CODE_SIGN_STYLE = Automatic;
				DEVELOPMENT_TEAM = YM4S6FGNVS;
				INFOPLIST_FILE = env1UITests/Info.plist;
				LD_RUNPATH_SEARCH_PATHS = (
					"$(inherited)",
					"@executable_path/Frameworks",
					"@loader_path/Frameworks",
				);
				PRODUCT_BUNDLE_IDENTIFIER = com.kwevans.env1UITests;
				PRODUCT_NAME = "$(TARGET_NAME)";
				SWIFT_VERSION = 5.0;
				TARGETED_DEVICE_FAMILY = "1,2";
				TEST_TARGET_NAME = env1;
			};
			name = Debug;
		};
		D85789CE2659A89D00A251EC /* Release */ = {
			isa = XCBuildConfiguration;
			buildSettings = {
				ALWAYS_EMBED_SWIFT_STANDARD_LIBRARIES = YES;
				CODE_SIGN_STYLE = Automatic;
				DEVELOPMENT_TEAM = YM4S6FGNVS;
				INFOPLIST_FILE = env1UITests/Info.plist;
				LD_RUNPATH_SEARCH_PATHS = (
					"$(inherited)",
					"@executable_path/Frameworks",
					"@loader_path/Frameworks",
				);
				PRODUCT_BUNDLE_IDENTIFIER = com.kwevans.env1UITests;
				PRODUCT_NAME = "$(TARGET_NAME)";
				SWIFT_VERSION = 5.0;
				TARGETED_DEVICE_FAMILY = "1,2";
				TEST_TARGET_NAME = env1;
			};
			name = Release;
		};
/* End XCBuildConfiguration section */

/* Begin XCConfigurationList section */
		D857899C2659A88F00A251EC /* Build configuration list for PBXProject "env1" */ = {
			isa = XCConfigurationList;
			buildConfigurations = (
				D85789C42659A89D00A251EC /* Debug */,
				D85789C52659A89D00A251EC /* Release */,
			);
			defaultConfigurationIsVisible = 0;
			defaultConfigurationName = Release;
		};
		D85789C62659A89D00A251EC /* Build configuration list for PBXNativeTarget "env1" */ = {
			isa = XCConfigurationList;
			buildConfigurations = (
				D85789C72659A89D00A251EC /* Debug */,
				D85789C82659A89D00A251EC /* Release */,
			);
			defaultConfigurationIsVisible = 0;
			defaultConfigurationName = Release;
		};
		D85789C92659A89D00A251EC /* Build configuration list for PBXNativeTarget "env1Tests" */ = {
			isa = XCConfigurationList;
			buildConfigurations = (
				D85789CA2659A89D00A251EC /* Debug */,
				D85789CB2659A89D00A251EC /* Release */,
			);
			defaultConfigurationIsVisible = 0;
			defaultConfigurationName = Release;
		};
		D85789CC2659A89D00A251EC /* Build configuration list for PBXNativeTarget "env1UITests" */ = {
			isa = XCConfigurationList;
			buildConfigurations = (
				D85789CD2659A89D00A251EC /* Debug */,
				D85789CE2659A89D00A251EC /* Release */,
			);
			defaultConfigurationIsVisible = 0;
			defaultConfigurationName = Release;
		};
/* End XCConfigurationList section */
	};
	rootObject = D85789992659A88F00A251EC /* Project object */;
}
